
Microsoft Visual Studio Solution File, Format Version 12.00
# Visual Studio Version 16
VisualStudioVersion = 16.0.32802.440
MinimumVisualStudioVersion = 10.0.40219.1
Project("{FAE04EC0-301F-11D3-BF4B-00C04F79EFBC}") = "DataDispose.Library", "DataDispose.Library.csproj", "{665652FE-04DC-4C0E-839C-AF5986C862DA}"
EndProject
Project("{FAE04EC0-301F-11D3-BF4B-00C04F79EFBC}") = "DataDispose.Service", "..\DataDispose.Service\DataDispose.Service.csproj", "{0199D010-9FAB-4154-90DD-63B4EC35C798}"
EndProject
Global
	GlobalSection(SolutionConfigurationPlatforms) = preSolution
		Debug|Any CPU = Debug|Any CPU
		Release|Any CPU = Release|Any CPU
	EndGlobalSection
	GlobalSection(ProjectConfigurationPlatforms) = postSolution
		{665652FE-04DC-4C0E-839C-AF5986C862DA}.Debug|Any CPU.ActiveCfg = Debug|Any CPU
		{665652FE-04DC-4C0E-839C-AF5986C862DA}.Debug|Any CPU.Build.0 = Debug|Any CPU
		{665652FE-04DC-4C0E-839C-AF5986C862DA}.Release|Any CPU.ActiveCfg = Release|Any CPU
		{665652FE-04DC-4C0E-839C-AF5986C862DA}.Release|Any CPU.Build.0 = Release|Any CPU
		{0199D010-9FAB-4154-90DD-63B4EC35C798}.Debug|Any CPU.ActiveCfg = Debug|Any CPU
		{0199D010-9FAB-4154-90DD-63B4EC35C798}.Debug|Any CPU.Build.0 = Debug|Any CPU
		{0199D010-9FAB-4154-90DD-63B4EC35C798}.Release|Any CPU.ActiveCfg = Release|Any CPU
		{0199D010-9FAB-4154-90DD-63B4EC35C798}.Release|Any CPU.Build.0 = Release|Any CPU
	EndGlobalSection
	GlobalSection(SolutionProperties) = preSolution
		HideSolutionNode = FALSE
	EndGlobalSection
	GlobalSection(ExtensibilityGlobals) = postSolution
		SolutionGuid = {833CE969-1106-48BA-99F0-F7826ABB3940}
	EndGlobalSection
EndGlobal
